// !$*UTF8*$!
{
	archiveVersion = 1;
	classes = {
	};
	objectVersion = 77;
	objects = {

/* Begin PBXBuildFile section */
		1D883500BED7B18D6EC0C03C /* AppState.swift in Sources */ = {isa = PBXBuildFile; fileRef = 67440025F07D851CD9374054 /* AppState.swift */; };
		21CCF9A06B9A0E7BEE6C5834 /* DevMacApp.swift in Sources */ = {isa = PBXBuildFile; fileRef = 820B440E31BE25BFF817DBD3 /* DevMacApp.swift */; };
		2C717679AF41951A2F1B0E1C /* ToolbarView.swift in Sources */ = {isa = PBXBuildFile; fileRef = 3030BE6833506E5AB445BF2C /* ToolbarView.swift */; };
		3B40BED256EC5A5B9DDAE503 /* StatusBarView.swift in Sources */ = {isa = PBXBuildFile; fileRef = 911B142F8BCB8DDF971BCF6A /* StatusBarView.swift */; };
		43C0E901C828D8A62AC7AEC0 /* ContentView.swift in Sources */ = {isa = PBXBuildFile; fileRef = 1D34E3BDC2AC6B697BC7D3BB /* ContentView.swift */; };
		71B47D541962FDAEE5943DE5 /* editor.html in Resources */ = {isa = PBXBuildFile; fileRef = DDD2CDE7C80390ABB49CE337 /* editor.html */; };
		78D3CCCBDD48C6B23FE19054 /* MonacoEditorView.swift in Sources */ = {isa = PBXBuildFile; fileRef = 0826360DE8DB7993E5C1667D /* MonacoEditorView.swift */; };
		ACCDD3312BD2036106270F73 /* FileTabBarView.swift in Sources */ = {isa = PBXBuildFile; fileRef = D7EDD4FF1FEB0BB44CE14C6B /* FileTabBarView.swift */; };
		C1FB321E6367C4EE001BF353 /* BottomPanelView.swift in Sources */ = {isa = PBXBuildFile; fileRef = 25C61248FFE8877D3BFE1706 /* BottomPanelView.swift */; };
		C682672274DBB906E8542531 /* AppMenuCommands.swift in Sources */ = {isa = PBXBuildFile; fileRef = E012C58ADA008D65B932FE7F /* AppMenuCommands.swift */; };
		EF35BBA239841B99742ECE75 /* Enums.swift in Sources */ = {isa = PBXBuildFile; fileRef = 2540EFF979D40D6197C52F3C /* Enums.swift */; };
		F3F313FFB2D8AD105C6E2617 /* ResizableDivider.swift in Sources */ = {isa = PBXBuildFile; fileRef = 6529CEF1A908C08BAA4FF2ED /* ResizableDivider.swift */; };
		FE2C88C1B979BDDCCBEF9F1A /* SidebarView.swift in Sources */ = {isa = PBXBuildFile; fileRef = CE5308733BBD9D23E41CEAB5 /* SidebarView.swift */; };
/* End PBXBuildFile section */

/* Begin PBXFileReference section */
		0826360DE8DB7993E5C1667D /* MonacoEditorView.swift */ = {isa = PBXFileReference; lastKnownFileType = sourcecode.swift; path = MonacoEditorView.swift; sourceTree = "<group>"; };
		1D34E3BDC2AC6B697BC7D3BB /* ContentView.swift */ = {isa = PBXFileReference; lastKnownFileType = sourcecode.swift; path = ContentView.swift; sourceTree = "<group>"; };
		2540EFF979D40D6197C52F3C /* Enums.swift */ = {isa = PBXFileReference; lastKnownFileType = sourcecode.swift; path = Enums.swift; sourceTree = "<group>"; };
		25C61248FFE8877D3BFE1706 /* BottomPanelView.swift */ = {isa = PBXFileReference; lastKnownFileType = sourcecode.swift; path = BottomPanelView.swift; sourceTree = "<group>"; };
		3030BE6833506E5AB445BF2C /* ToolbarView.swift */ = {isa = PBXFileReference; lastKnownFileType = sourcecode.swift; path = ToolbarView.swift; sourceTree = "<group>"; };
		6529CEF1A908C08BAA4FF2ED /* ResizableDivider.swift */ = {isa = PBXFileReference; lastKnownFileType = sourcecode.swift; path = ResizableDivider.swift; sourceTree = "<group>"; };
		67440025F07D851CD9374054 /* AppState.swift */ = {isa = PBXFileReference; lastKnownFileType = sourcecode.swift; path = AppState.swift; sourceTree = "<group>"; };
		820B440E31BE25BFF817DBD3 /* DevMacApp.swift */ = {isa = PBXFileReference; lastKnownFileType = sourcecode.swift; path = DevMacApp.swift; sourceTree = "<group>"; };
		911B142F8BCB8DDF971BCF6A /* StatusBarView.swift */ = {isa = PBXFileReference; lastKnownFileType = sourcecode.swift; path = StatusBarView.swift; sourceTree = "<group>"; };
		BC4FF9BC6DF965ECDB29C9EE /* DevMac++.app */ = {isa = PBXFileReference; explicitFileType = wrapper.application; includeInIndex = 0; path = "DevMac++.app"; sourceTree = BUILT_PRODUCTS_DIR; };
		CE5308733BBD9D23E41CEAB5 /* SidebarView.swift */ = {isa = PBXFileReference; lastKnownFileType = sourcecode.swift; path = SidebarView.swift; sourceTree = "<group>"; };
		D7EDD4FF1FEB0BB44CE14C6B /* FileTabBarView.swift */ = {isa = PBXFileReference; lastKnownFileType = sourcecode.swift; path = FileTabBarView.swift; sourceTree = "<group>"; };
		DDD2CDE7C80390ABB49CE337 /* editor.html */ = {isa = PBXFileReference; lastKnownFileType = text.html; path = editor.html; sourceTree = "<group>"; };
		E012C58ADA008D65B932FE7F /* AppMenuCommands.swift */ = {isa = PBXFileReference; lastKnownFileType = sourcecode.swift; path = AppMenuCommands.swift; sourceTree = "<group>"; };
/* End PBXFileReference section */

/* Begin PBXGroup section */
		0CC27D0291C948838A22E9A8 /* DevMac++ */ = {
			isa = PBXGroup;
			children = (
				56DAE17ED0D5081EFFCF35B5 /* App */,
				C4048C2D386D16FE696C90D6 /* Models */,
				883D3BAD3AD91E8C7393D4D2 /* Resources */,
				278B092F3D7841CCAFB5C527 /* Views */,
			);
			path = "DevMac++";
			sourceTree = "<group>";
		};
		278B092F3D7841CCAFB5C527 /* Views */ = {
			isa = PBXGroup;
			children = (
				E012C58ADA008D65B932FE7F /* AppMenuCommands.swift */,
				25C61248FFE8877D3BFE1706 /* BottomPanelView.swift */,
				1D34E3BDC2AC6B697BC7D3BB /* ContentView.swift */,
				D7EDD4FF1FEB0BB44CE14C6B /* FileTabBarView.swift */,
				0826360DE8DB7993E5C1667D /* MonacoEditorView.swift */,
				6529CEF1A908C08BAA4FF2ED /* ResizableDivider.swift */,
				CE5308733BBD9D23E41CEAB5 /* SidebarView.swift */,
				911B142F8BCB8DDF971BCF6A /* StatusBarView.swift */,
				3030BE6833506E5AB445BF2C /* ToolbarView.swift */,
			);
			path = Views;
			sourceTree = "<group>";
		};
		37D9DEF6B35D109761CC09D9 /* Products */ = {
			isa = PBXGroup;
			children = (
				BC4FF9BC6DF965ECDB29C9EE /* DevMac++.app */,
			);
			name = Products;
			sourceTree = "<group>";
		};
		4DEACB4A9BA25F421ED8EC98 = {
			isa = PBXGroup;
			children = (
				0CC27D0291C948838A22E9A8 /* DevMac++ */,
				37D9DEF6B35D109761CC09D9 /* Products */,
			);
			sourceTree = "<group>";
		};
		56DAE17ED0D5081EFFCF35B5 /* App */ = {
			isa = PBXGroup;
			children = (
				67440025F07D851CD9374054 /* AppState.swift */,
				820B440E31BE25BFF817DBD3 /* DevMacApp.swift */,
			);
			path = App;
			sourceTree = "<group>";
		};
		883D3BAD3AD91E8C7393D4D2 /* Resources */ = {
			isa = PBXGroup;
			children = (
				A7FB3D847FD7196F367791C7 /* monaco */,
			);
			path = Resources;
			sourceTree = "<group>";
		};
		A7FB3D847FD7196F367791C7 /* monaco */ = {
			isa = PBXGroup;
			children = (
				DDD2CDE7C80390ABB49CE337 /* editor.html */,
			);
			path = monaco;
			sourceTree = "<group>";
		};
		C4048C2D386D16FE696C90D6 /* Models */ = {
			isa = PBXGroup;
			children = (
				2540EFF979D40D6197C52F3C /* Enums.swift */,
			);
			path = Models;
			sourceTree = "<group>";
		};
/* End PBXGroup section */

/* Begin PBXNativeTarget section */
		2E6C276C1CCD9CA7B28D9E36 /* DevMac++ */ = {
			isa = PBXNativeTarget;
			buildConfigurationList = 02ACB166176CC6748D3E400F /* Build configuration list for PBXNativeTarget "DevMac++" */;
			buildPhases = (
				5E9FBC09AB2008C8340C8AA9 /* Sources */,
				63B6979391FF1007D3C638EB /* Resources */,
			);
			buildRules = (
			);
			dependencies = (
			);
			name = "DevMac++";
			packageProductDependencies = (
			);
			productName = "DevMac++";
			productReference = BC4FF9BC6DF965ECDB29C9EE /* DevMac++.app */;
			productType = "com.apple.product-type.application";
		};
/* End PBXNativeTarget section */

/* Begin PBXProject section */
		14FC312BDDE34F1C78B03506 /* Project object */ = {
			isa = PBXProject;
			attributes = {
				BuildIndependentTargetsInParallel = YES;
				LastUpgradeCheck = 1500;
				TargetAttributes = {
					2E6C276C1CCD9CA7B28D9E36 = {
						DevelopmentTeam = "";
						ProvisioningStyle = Manual;
					};
				};
			};
			buildConfigurationList = 1D36C265C3E8E327B448FA38 /* Build configuration list for PBXProject "DevMac++" */;
			developmentRegion = en;
			hasScannedForEncodings = 0;
			knownRegions = (
				Base,
				en,
			);
			mainGroup = 4DEACB4A9BA25F421ED8EC98;
			minimizedProjectReferenceProxies = 1;
			preferredProjectObjectVersion = 77;
			productRefGroup = 37D9DEF6B35D109761CC09D9 /* Products */;
			projectDirPath = "";
			projectRoot = "";
			targets = (
				2E6C276C1CCD9CA7B28D9E36 /* DevMac++ */,
			);
		};
/* End PBXProject section */

/* Begin PBXResourcesBuildPhase section */
		63B6979391FF1007D3C638EB /* Resources */ = {
			isa = PBXResourcesBuildPhase;
			buildActionMask = 2147483647;
			files = (
				71B47D541962FDAEE5943DE5 /* editor.html in Resources */,
			);
			runOnlyForDeploymentPostprocessing = 0;
		};
/* End PBXResourcesBuildPhase section */

/* Begin PBXSourcesBuildPhase section */
		5E9FBC09AB2008C8340C8AA9 /* Sources */ = {
			isa = PBXSourcesBuildPhase;
			buildActionMask = 2147483647;
			files = (
				C682672274DBB906E8542531 /* AppMenuCommands.swift in Sources */,
				1D883500BED7B18D6EC0C03C /* AppState.swift in Sources */,
				C1FB321E6367C4EE001BF353 /* BottomPanelView.swift in Sources */,
				43C0E901C828D8A62AC7AEC0 /* ContentView.swift in Sources */,
				21CCF9A06B9A0E7BEE6C5834 /* DevMacApp.swift in Sources */,
				EF35BBA239841B99742ECE75 /* Enums.swift in Sources */,
				ACCDD3312BD2036106270F73 /* FileTabBarView.swift in Sources */,
				78D3CCCBDD48C6B23FE19054 /* MonacoEditorView.swift in Sources */,
				F3F313FFB2D8AD105C6E2617 /* ResizableDivider.swift in Sources */,
				FE2C88C1B979BDDCCBEF9F1A /* SidebarView.swift in Sources */,
				3B40BED256EC5A5B9DDAE503 /* StatusBarView.swift in Sources */,
				2C717679AF41951A2F1B0E1C /* ToolbarView.swift in Sources */,
			);
			runOnlyForDeploymentPostprocessing = 0;
		};
/* End PBXSourcesBuildPhase section */

/* Begin XCBuildConfiguration section */
		29CD62D1377FAE5A40E1BC30 /* Debug */ = {
			isa = XCBuildConfiguration;
			buildSettings = {
				ALWAYS_SEARCH_USER_PATHS = NO;
				CLANG_ANALYZER_NONNULL = YES;
				CLANG_ANALYZER_NUMBER_OBJECT_CONVERSION = YES_AGGRESSIVE;
				CLANG_CXX_LANGUAGE_STANDARD = "gnu++14";
				CLANG_CXX_LIBRARY = "libc++";
				CLANG_ENABLE_MODULES = YES;
				CLANG_ENABLE_OBJC_ARC = YES;
				CLANG_ENABLE_OBJC_WEAK = YES;
				CLANG_WARN_BLOCK_CAPTURE_AUTORELEASING = YES;
				CLANG_WARN_BOOL_CONVERSION = YES;
				CLANG_WARN_COMMA = YES;
				CLANG_WARN_CONSTANT_CONVERSION = YES;
				CLANG_WARN_DEPRECATED_OBJC_IMPLEMENTATIONS = YES;
				CLANG_WARN_DIRECT_OBJC_ISA_USAGE = YES_ERROR;
				CLANG_WARN_DOCUMENTATION_COMMENTS = YES;
				CLANG_WARN_EMPTY_BODY = YES;
				CLANG_WARN_ENUM_CONVERSION = YES;
				CLANG_WARN_INFINITE_RECURSION = YES;
				CLANG_WARN_INT_CONVERSION = YES;
				CLANG_WARN_NON_LITERAL_NULL_CONVERSION = YES;
				CLANG_WARN_OBJC_IMPLICIT_RETAIN_SELF = YES;
				CLANG_WARN_OBJC_LITERAL_CONVERSION = YES;
				CLANG_WARN_OBJC_ROOT_CLASS = YES_ERROR;
				CLANG_WARN_QUOTED_INCLUDE_IN_FRAMEWORK_HEADER = YES;
				CLANG_WARN_RANGE_LOOP_ANALYSIS = YES;
				CLANG_WARN_STRICT_PROTOTYPES = YES;
				CLANG_WARN_SUSPICIOUS_MOVE = YES;
				CLANG_WARN_UNGUARDED_AVAILABILITY = YES_AGGRESSIVE;
				CLANG_WARN_UNREACHABLE_CODE = YES;
				CLANG_WARN__DUPLICATE_METHOD_MATCH = YES;
				CODE_SIGN_IDENTITY = "-";
				CODE_SIGN_STYLE = Manual;
				COPY_PHASE_STRIP = NO;
				DEBUG_INFORMATION_FORMAT = dwarf;
				DEVELOPMENT_TEAM = "";
				ENABLE_STRICT_OBJC_MSGSEND = YES;
				ENABLE_TESTABILITY = YES;
				GCC_C_LANGUAGE_STANDARD = gnu11;
				GCC_DYNAMIC_NO_PIC = NO;
				GCC_NO_COMMON_BLOCKS = YES;
				GCC_OPTIMIZATION_LEVEL = 0;
				GCC_PREPROCESSOR_DEFINITIONS = (
					"$(inherited)",
					"DEBUG=1",
				);
				GCC_WARN_64_TO_32_BIT_CONVERSION = YES;
				GCC_WARN_ABOUT_RETURN_TYPE = YES_ERROR;
				GCC_WARN_UNDECLARED_SELECTOR = YES;
				GCC_WARN_UNINITIALIZED_AUTOS = YES_AGGRESSIVE;
				GCC_WARN_UNUSED_FUNCTION = YES;
				GCC_WARN_UNUSED_VARIABLE = YES;
				MACOSX_DEPLOYMENT_TARGET = 14.0;
				MTL_ENABLE_DEBUG_INFO = INCLUDE_SOURCE;
				MTL_FAST_MATH = YES;
				ONLY_ACTIVE_ARCH = YES;
				PRODUCT_NAME = "DevMac++";
				SDKROOT = macosx;
				SWIFT_ACTIVE_COMPILATION_CONDITIONS = DEBUG;
				SWIFT_OPTIMIZATION_LEVEL = "-Onone";
				SWIFT_VERSION = 5.9;
			};
			name = Debug;
		};
		7D04CCCFD0EA84F49B0C7613 /* Release */ = {
			isa = XCBuildConfiguration;
			buildSettings = {
				ASSETCATALOG_COMPILER_APPICON_NAME = AppIcon;
				COMBINE_HIDPI_IMAGES = YES;
				ENABLE_PREVIEWS = YES;
				GENERATE_INFOPLIST_FILE = YES;
				INFOPLIST_GENERATION_MODE = GeneratedFile;
				INFOPLIST_KEY_CFBundleDisplayName = "DevMac++";
				INFOPLIST_KEY_LSApplicationCategoryType = "public.app-category.developer-tools";
				INFOPLIST_KEY_NSHumanReadableCopyright = "";
				INFOPLIST_KEY_NSPrincipalClass = NSApplication;
				LD_RUNPATH_SEARCH_PATHS = (
					"$(inherited)",
					"@executable_path/../Frameworks",
				);
				PRODUCT_BUNDLE_IDENTIFIER = com.devmacpp.app;
				SDKROOT = macosx;
				SWIFT_EMIT_LOC_STRINGS = YES;
			};
			name = Release;
		};
		818B96D2E1D5836089E92A55 /* Release */ = {
			isa = XCBuildConfiguration;
			buildSettings = {
				ALWAYS_SEARCH_USER_PATHS = NO;
				CLANG_ANALYZER_NONNULL = YES;
				CLANG_ANALYZER_NUMBER_OBJECT_CONVERSION = YES_AGGRESSIVE;
				CLANG_CXX_LANGUAGE_STANDARD = "gnu++14";
				CLANG_CXX_LIBRARY = "libc++";
				CLANG_ENABLE_MODULES = YES;
				CLANG_ENABLE_OBJC_ARC = YES;
				CLANG_ENABLE_OBJC_WEAK = YES;
				CLANG_WARN_BLOCK_CAPTURE_AUTORELEASING = YES;
				CLANG_WARN_BOOL_CONVERSION = YES;
				CLANG_WARN_COMMA = YES;
				CLANG_WARN_CONSTANT_CONVERSION = YES;
				CLANG_WARN_DEPRECATED_OBJC_IMPLEMENTATIONS = YES;
				CLANG_WARN_DIRECT_OBJC_ISA_USAGE = YES_ERROR;
				CLANG_WARN_DOCUMENTATION_COMMENTS = YES;
				CLANG_WARN_EMPTY_BODY = YES;
				CLANG_WARN_ENUM_CONVERSION = YES;
				CLANG_WARN_INFINITE_RECURSION = YES;
				CLANG_WARN_INT_CONVERSION = YES;
				CLANG_WARN_NON_LITERAL_NULL_CONVERSION = YES;
				CLANG_WARN_OBJC_IMPLICIT_RETAIN_SELF = YES;
				CLANG_WARN_OBJC_LITERAL_CONVERSION = YES;
				CLANG_WARN_OBJC_ROOT_CLASS = YES_ERROR;
				CLANG_WARN_QUOTED_INCLUDE_IN_FRAMEWORK_HEADER = YES;
				CLANG_WARN_RANGE_LOOP_ANALYSIS = YES;
				CLANG_WARN_STRICT_PROTOTYPES = YES;
				CLANG_WARN_SUSPICIOUS_MOVE = YES;
				CLANG_WARN_UNGUARDED_AVAILABILITY = YES_AGGRESSIVE;
				CLANG_WARN_UNREACHABLE_CODE = YES;
				CLANG_WARN__DUPLICATE_METHOD_MATCH = YES;
				CODE_SIGN_IDENTITY = "-";
				CODE_SIGN_STYLE = Manual;
				COPY_PHASE_STRIP = NO;
				DEBUG_INFORMATION_FORMAT = "dwarf-with-dsym";
				DEVELOPMENT_TEAM = "";
				ENABLE_NS_ASSERTIONS = NO;
				ENABLE_STRICT_OBJC_MSGSEND = YES;
				GCC_C_LANGUAGE_STANDARD = gnu11;
				GCC_NO_COMMON_BLOCKS = YES;
				GCC_WARN_64_TO_32_BIT_CONVERSION = YES;
				GCC_WARN_ABOUT_RETURN_TYPE = YES_ERROR;
				GCC_WARN_UNDECLARED_SELECTOR = YES;
				GCC_WARN_UNINITIALIZED_AUTOS = YES_AGGRESSIVE;
				GCC_WARN_UNUSED_FUNCTION = YES;
				GCC_WARN_UNUSED_VARIABLE = YES;
				MACOSX_DEPLOYMENT_TARGET = 14.0;
				MTL_ENABLE_DEBUG_INFO = NO;
				MTL_FAST_MATH = YES;
				PRODUCT_NAME = "DevMac++";
				SDKROOT = macosx;
				SWIFT_COMPILATION_MODE = wholemodule;
				SWIFT_OPTIMIZATION_LEVEL = "-O";
				SWIFT_VERSION = 5.9;
			};
			name = Release;
		};
		EA672DE9E798AFA2A89F6C88 /* Debug */ = {
			isa = XCBuildConfiguration;
			buildSettings = {
				ASSETCATALOG_COMPILER_APPICON_NAME = AppIcon;
				COMBINE_HIDPI_IMAGES = YES;
				ENABLE_PREVIEWS = YES;
				GENERATE_INFOPLIST_FILE = YES;
				INFOPLIST_GENERATION_MODE = GeneratedFile;
				INFOPLIST_KEY_CFBundleDisplayName = "DevMac++";
				INFOPLIST_KEY_LSApplicationCategoryType = "public.app-category.developer-tools";
				INFOPLIST_KEY_NSHumanReadableCopyright = "";
				INFOPLIST_KEY_NSPrincipalClass = NSApplication;
				LD_RUNPATH_SEARCH_PATHS = (
					"$(inherited)",
					"@executable_path/../Frameworks",
				);
				PRODUCT_BUNDLE_IDENTIFIER = com.devmacpp.app;
				SDKROOT = macosx;
				SWIFT_EMIT_LOC_STRINGS = YES;
			};
			name = Debug;
		};
/* End XCBuildConfiguration section */

/* Begin XCConfigurationList section */
		02ACB166176CC6748D3E400F /* Build configuration list for PBXNativeTarget "DevMac++" */ = {
			isa = XCConfigurationList;
			buildConfigurations = (
				EA672DE9E798AFA2A89F6C88 /* Debug */,
				7D04CCCFD0EA84F49B0C7613 /* Release */,
			);
			defaultConfigurationIsVisible = 0;
			defaultConfigurationName = Debug;
		};
		1D36C265C3E8E327B448FA38 /* Build configuration list for PBXProject "DevMac++" */ = {
			isa = XCConfigurationList;
			buildConfigurations = (
				29CD62D1377FAE5A40E1BC30 /* Debug */,
				818B96D2E1D5836089E92A55 /* Release */,
			);
			defaultConfigurationIsVisible = 0;
			defaultConfigurationName = Debug;
		};
/* End XCConfigurationList section */
	};
	rootObject = 14FC312BDDE34F1C78B03506 /* Project object */;
}
